Microsoft Visual Studio Solution File, Format Version 12.00
# Visual Studio Version 17
VisualStudioVersion = 17.5.2.0
MinimumVisualStudioVersion = 10.0.40219.1
Project("{FAE04EC0-301F-11D3-BF4B-00C04F79EFBC}") = "FoodStoreIdentity", "FoodStoreIdentity.csproj", "{73258C27-1EEF-0CDC-4280-732D07DFC560}"
EndProject
Global
	GlobalSection(SolutionConfigurationPlatforms) = preSolution
		Debug|Any CPU = Debug|Any CPU
		Release|Any CPU = Release|Any CPU
	EndGlobalSection
	GlobalSection(ProjectConfigurationPlatforms) = postSolution
		{73258C27-1EEF-0CDC-4280-732D07DFC560}.Debug|Any CPU.ActiveCfg = Debug|Any CPU
		{73258C27-1EEF-0CDC-4280-732D07DFC560}.Debug|Any CPU.Build.0 = Debug|Any CPU
		{73258C27-1EEF-0CDC-4280-732D07DFC560}.Release|Any CPU.ActiveCfg = Release|Any CPU
		{73258C27-1EEF-0CDC-4280-732D07DFC560}.Release|Any CPU.Build.0 = Release|Any CPU
	EndGlobalSection
	GlobalSection(SolutionProperties) = preSolution
		HideSolutionNode = FALSE
	EndGlobalSection
	GlobalSection(ExtensibilityGlobals) = postSolution
		SolutionGuid = {E60F62F9-5666-4113-B272-E62E8284AE3C}
	EndGlobalSection
EndGlobal
